
Microsoft Visual Studio Solution File, Format Version 12.00
# Visual Studio Version 17
VisualStudioVersion = 17.10.35004.147
MinimumVisualStudioVersion = 10.0.40219.1
Project("{9A19103F-16F7-4668-BE54-9A1E7A4F7556}") = "Api", "Api\Api.csproj", "{3CDF7AD4-44CA-4D38-805C-02098048B358}"
EndProject
Project("{FAE04EC0-301F-11D3-BF4B-00C04F79EFBC}") = "Model", "Model\Model.csproj", "{81A68AA9-82B2-4C10-A9CC-D780DF0C70F3}"
EndProject
Global
	GlobalSection(SolutionConfigurationPlatforms) = preSolution
		Debug|Any CPU = Debug|Any CPU
		Release|Any CPU = Release|Any CPU
	EndGlobalSection
	GlobalSection(ProjectConfigurationPlatforms) = postSolution
		{3CDF7AD4-44CA-4D38-805C-02098048B358}.Debug|Any CPU.ActiveCfg = Debug|Any CPU
		{3CDF7AD4-44CA-4D38-805C-02098048B358}.Debug|Any CPU.Build.0 = Debug|Any CPU
		{3CDF7AD4-44CA-4D38-805C-02098048B358}.Release|Any CPU.ActiveCfg = Release|Any CPU
		{3CDF7AD4-44CA-4D38-805C-02098048B358}.Release|Any CPU.Build.0 = Release|Any CPU
		{81A68AA9-82B2-4C10-A9CC-D780DF0C70F3}.Debug|Any CPU.ActiveCfg = Debug|Any CPU
		{81A68AA9-82B2-4C10-A9CC-D780DF0C70F3}.Debug|Any CPU.Build.0 = Debug|Any CPU
		{81A68AA9-82B2-4C10-A9CC-D780DF0C70F3}.Release|Any CPU.ActiveCfg = Release|Any CPU
		{81A68AA9-82B2-4C10-A9CC-D780DF0C70F3}.Release|Any CPU.Build.0 = Release|Any CPU
	EndGlobalSection
	GlobalSection(SolutionProperties) = preSolution
		HideSolutionNode = FALSE
	EndGlobalSection
	GlobalSection(ExtensibilityGlobals) = postSolution
		SolutionGuid = {D65A5F79-BBB6-4026-B0D2-DF93FC75BDFB}
	EndGlobalSection
EndGlobal
